
Microsoft Visual Studio Solution File, Format Version 12.00
# Visual Studio Version 18
VisualStudioVersion = 18.2.11415.280
MinimumVisualStudioVersion = 10.0.40219.1
Project("{2150E333-8FDC-42A3-9474-1A3956D46DE8}") = "src", "src", "{02EA681E-C7D8-13C7-8484-4AC65E1B71E8}"
EndProject
Project("{2150E333-8FDC-42A3-9474-1A3956D46DE8}") = "Services", "Services", "{1000274D-D74C-48CC-B819-DCA591667E29}"
EndProject
Project("{2150E333-8FDC-42A3-9474-1A3956D46DE8}") = "Identidade", "Identidade", "{681407C3-CF06-414E-B942-59DDFA14A079}"
EndProject
Project("{2150E333-8FDC-42A3-9474-1A3956D46DE8}") = "Web", "Web", "{B3BB1DAB-5DA1-4CE6-9488-D30286DD8A0F}"
EndProject
Project("{2150E333-8FDC-42A3-9474-1A3956D46DE8}") = "BuildBlocks", "BuildBlocks", "{7A1F27E4-94C5-4A0F-9CAA-110376FF6555}"
EndProject
Project("{2150E333-8FDC-42A3-9474-1A3956D46DE8}") = "Core", "Core", "{4A357199-6FEE-49C0-80D7-C7A77FA3CE4A}"
EndProject
Project("{FAE04EC0-301F-11D3-BF4B-00C04F79EFBC}") = "MBA.Core", "src\MBA.Core\MBA.Core.csproj", "{CD5D20C3-BD2E-406F-9D39-667266B3BA02}"
EndProject
Project("{FAE04EC0-301F-11D3-BF4B-00C04F79EFBC}") = "MBA.Auth.Api", "src\MBA.Auth.Api\MBA.Auth.Api.csproj", "{8A2053F2-B8C3-4EE8-879A-69BB2FBB223F}"
EndProject
Project("{2150E333-8FDC-42A3-9474-1A3956D46DE8}") = "MVC", "MVC", "{253329A5-3EDE-4685-8817-34F5E974CBF5}"
EndProject
Project("{FAE04EC0-301F-11D3-BF4B-00C04F79EFBC}") = "MBA.WebApp.MVC", "src\MBA.WebApp.MVC\MBA.WebApp.MVC.csproj", "{078F640B-AD58-4F62-92CC-DC317B83F57D}"
EndProject
Project("{2150E333-8FDC-42A3-9474-1A3956D46DE8}") = "Conteudo", "Conteudo", "{83FC9888-3E7C-4110-B039-2B058885B366}"
EndProject
Project("{FAE04EC0-301F-11D3-BF4B-00C04F79EFBC}") = "MBA.Conteudo.Api", "src\MBA.Conteudo.Api\MBA.Conteudo.Api.csproj", "{58085AEA-2A16-434E-BB64-BBCDF3F1AB70}"
EndProject
Project("{2150E333-8FDC-42A3-9474-1A3956D46DE8}") = "Alunos", "Alunos", "{0099E1CD-356A-4B16-9218-BE7425BF6A3A}"
EndProject
Project("{FAE04EC0-301F-11D3-BF4B-00C04F79EFBC}") = "MBA.Aluno.API", "src\MBA.Aluno.API\MBA.Aluno.API.csproj", "{D0CFF00F-FF25-450F-A1DD-3CD30EB2790E}"
EndProject
Project("{2150E333-8FDC-42A3-9474-1A3956D46DE8}") = "Financeiro", "Financeiro", "{3232C043-F2AA-4083-92D9-714A5A13EB88}"
EndProject
Project("{FAE04EC0-301F-11D3-BF4B-00C04F79EFBC}") = "MBA.Pagamentos.Api", "src\MBA.Pagamentos.Api\MBA.Pagamentos.Api.csproj", "{CA994A49-4870-4402-A162-BFA0B579A49C}"
EndProject
Project("{2150E333-8FDC-42A3-9474-1A3956D46DE8}") = "ApiGateways", "ApiGateways", "{5DC39963-6A03-45C0-AE25-058D951774AC}"
EndProject
Project("{FAE04EC0-301F-11D3-BF4B-00C04F79EFBC}") = "MBA.Bff.Api", "src\MBA.Bff.Api\MBA.Bff.Api.csproj", "{4A4699EE-5DFE-443C-B4BD-7760924ED53B}"
EndProject
Project("{2150E333-8FDC-42A3-9474-1A3956D46DE8}") = "MessageBus", "MessageBus", "{E2DB7979-2EE3-4C15-9664-0DB93DEDCBDB}"
EndProject
Project("{FAE04EC0-301F-11D3-BF4B-00C04F79EFBC}") = "MBA.MessageBus", "src\MBA.MessageBus\MBA.MessageBus.csproj", "{E7F3D0CA-26EB-40ED-874F-7ACCA72915B9}"
EndProject
Project("{2150E333-8FDC-42A3-9474-1A3956D46DE8}") = "Services", "Services", "{6D02B769-81A3-498F-AD08-01F1BF79D4AC}"
EndProject
Project("{FAE04EC0-301F-11D3-BF4B-00C04F79EFBC}") = "MBA.WebApi.Core", "src\MBA.WebApi.Core\MBA.WebApi.Core.csproj", "{6AF0F5CD-D154-4CDE-920C-3390782607C3}"
EndProject
Global
	GlobalSection(SolutionConfigurationPlatforms) = preSolution
		Debug|Any CPU = Debug|Any CPU
		Release|Any CPU = Release|Any CPU
	EndGlobalSection
	GlobalSection(ProjectConfigurationPlatforms) = postSolution
		{CD5D20C3-BD2E-406F-9D39-667266B3BA02}.Debug|Any CPU.ActiveCfg = Debug|Any CPU
		{CD5D20C3-BD2E-406F-9D39-667266B3BA02}.Debug|Any CPU.Build.0 = Debug|Any CPU
		{CD5D20C3-BD2E-406F-9D39-667266B3BA02}.Release|Any CPU.ActiveCfg = Release|Any CPU
		{CD5D20C3-BD2E-406F-9D39-667266B3BA02}.Release|Any CPU.Build.0 = Release|Any CPU
		{8A2053F2-B8C3-4EE8-879A-69BB2FBB223F}.Debug|Any CPU.ActiveCfg = Debug|Any CPU
		{8A2053F2-B8C3-4EE8-879A-69BB2FBB223F}.Debug|Any CPU.Build.0 = Debug|Any CPU
		{8A2053F2-B8C3-4EE8-879A-69BB2FBB223F}.Release|Any CPU.ActiveCfg = Release|Any CPU
		{8A2053F2-B8C3-4EE8-879A-69BB2FBB223F}.Release|Any CPU.Build.0 = Release|Any CPU
		{078F640B-AD58-4F62-92CC-DC317B83F57D}.Debug|Any CPU.ActiveCfg = Debug|Any CPU
		{078F640B-AD58-4F62-92CC-DC317B83F57D}.Debug|Any CPU.Build.0 = Debug|Any CPU
		{078F640B-AD58-4F62-92CC-DC317B83F57D}.Release|Any CPU.ActiveCfg = Release|Any CPU
		{078F640B-AD58-4F62-92CC-DC317B83F57D}.Release|Any CPU.Build.0 = Release|Any CPU
		{58085AEA-2A16-434E-BB64-BBCDF3F1AB70}.Debug|Any CPU.ActiveCfg = Debug|Any CPU
		{58085AEA-2A16-434E-BB64-BBCDF3F1AB70}.Debug|Any CPU.Build.0 = Debug|Any CPU
		{58085AEA-2A16-434E-BB64-BBCDF3F1AB70}.Release|Any CPU.ActiveCfg = Release|Any CPU
		{58085AEA-2A16-434E-BB64-BBCDF3F1AB70}.Release|Any CPU.Build.0 = Release|Any CPU
		{D0CFF00F-FF25-450F-A1DD-3CD30EB2790E}.Debug|Any CPU.ActiveCfg = Debug|Any CPU
		{D0CFF00F-FF25-450F-A1DD-3CD30EB2790E}.Debug|Any CPU.Build.0 = Debug|Any CPU
		{D0CFF00F-FF25-450F-A1DD-3CD30EB2790E}.Release|Any CPU.ActiveCfg = Release|Any CPU
		{D0CFF00F-FF25-450F-A1DD-3CD30EB2790E}.Release|Any CPU.Build.0 = Release|Any CPU
		{CA994A49-4870-4402-A162-BFA0B579A49C}.Debug|Any CPU.ActiveCfg = Debug|Any CPU
		{CA994A49-4870-4402-A162-BFA0B579A49C}.Debug|Any CPU.Build.0 = Debug|Any CPU
		{CA994A49-4870-4402-A162-BFA0B579A49C}.Release|Any CPU.ActiveCfg = Release|Any CPU
		{CA994A49-4870-4402-A162-BFA0B579A49C}.Release|Any CPU.Build.0 = Release|Any CPU
		{4A4699EE-5DFE-443C-B4BD-7760924ED53B}.Debug|Any CPU.ActiveCfg = Debug|Any CPU
		{4A4699EE-5DFE-443C-B4BD-7760924ED53B}.Debug|Any CPU.Build.0 = Debug|Any CPU
		{4A4699EE-5DFE-443C-B4BD-7760924ED53B}.Release|Any CPU.ActiveCfg = Release|Any CPU
		{4A4699EE-5DFE-443C-B4BD-7760924ED53B}.Release|Any CPU.Build.0 = Release|Any CPU
		{E7F3D0CA-26EB-40ED-874F-7ACCA72915B9}.Debug|Any CPU.ActiveCfg = Debug|Any CPU
		{E7F3D0CA-26EB-40ED-874F-7ACCA72915B9}.Debug|Any CPU.Build.0 = Debug|Any CPU
		{E7F3D0CA-26EB-40ED-874F-7ACCA72915B9}.Release|Any CPU.ActiveCfg = Release|Any CPU
		{E7F3D0CA-26EB-40ED-874F-7ACCA72915B9}.Release|Any CPU.Build.0 = Release|Any CPU
		{6AF0F5CD-D154-4CDE-920C-3390782607C3}.Debug|Any CPU.ActiveCfg = Debug|Any CPU
		{6AF0F5CD-D154-4CDE-920C-3390782607C3}.Debug|Any CPU.Build.0 = Debug|Any CPU
		{6AF0F5CD-D154-4CDE-920C-3390782607C3}.Release|Any CPU.ActiveCfg = Release|Any CPU
		{6AF0F5CD-D154-4CDE-920C-3390782607C3}.Release|Any CPU.Build.0 = Release|Any CPU
	EndGlobalSection
	GlobalSection(SolutionProperties) = preSolution
		HideSolutionNode = FALSE
	EndGlobalSection
	GlobalSection(NestedProjects) = preSolution
		{1000274D-D74C-48CC-B819-DCA591667E29} = {02EA681E-C7D8-13C7-8484-4AC65E1B71E8}
		{681407C3-CF06-414E-B942-59DDFA14A079} = {1000274D-D74C-48CC-B819-DCA591667E29}
		{B3BB1DAB-5DA1-4CE6-9488-D30286DD8A0F} = {02EA681E-C7D8-13C7-8484-4AC65E1B71E8}
		{7A1F27E4-94C5-4A0F-9CAA-110376FF6555} = {02EA681E-C7D8-13C7-8484-4AC65E1B71E8}
		{4A357199-6FEE-49C0-80D7-C7A77FA3CE4A} = {7A1F27E4-94C5-4A0F-9CAA-110376FF6555}
		{CD5D20C3-BD2E-406F-9D39-667266B3BA02} = {4A357199-6FEE-49C0-80D7-C7A77FA3CE4A}
		{8A2053F2-B8C3-4EE8-879A-69BB2FBB223F} = {681407C3-CF06-414E-B942-59DDFA14A079}
		{253329A5-3EDE-4685-8817-34F5E974CBF5} = {B3BB1DAB-5DA1-4CE6-9488-D30286DD8A0F}
		{078F640B-AD58-4F62-92CC-DC317B83F57D} = {253329A5-3EDE-4685-8817-34F5E974CBF5}
		{83FC9888-3E7C-4110-B039-2B058885B366} = {1000274D-D74C-48CC-B819-DCA591667E29}
		{58085AEA-2A16-434E-BB64-BBCDF3F1AB70} = {83FC9888-3E7C-4110-B039-2B058885B366}
		{0099E1CD-356A-4B16-9218-BE7425BF6A3A} = {1000274D-D74C-48CC-B819-DCA591667E29}
		{D0CFF00F-FF25-450F-A1DD-3CD30EB2790E} = {0099E1CD-356A-4B16-9218-BE7425BF6A3A}
		{3232C043-F2AA-4083-92D9-714A5A13EB88} = {1000274D-D74C-48CC-B819-DCA591667E29}
		{CA994A49-4870-4402-A162-BFA0B579A49C} = {3232C043-F2AA-4083-92D9-714A5A13EB88}
		{5DC39963-6A03-45C0-AE25-058D951774AC} = {02EA681E-C7D8-13C7-8484-4AC65E1B71E8}
		{4A4699EE-5DFE-443C-B4BD-7760924ED53B} = {5DC39963-6A03-45C0-AE25-058D951774AC}
		{E2DB7979-2EE3-4C15-9664-0DB93DEDCBDB} = {7A1F27E4-94C5-4A0F-9CAA-110376FF6555}
		{E7F3D0CA-26EB-40ED-874F-7ACCA72915B9} = {E2DB7979-2EE3-4C15-9664-0DB93DEDCBDB}
		{6D02B769-81A3-498F-AD08-01F1BF79D4AC} = {7A1F27E4-94C5-4A0F-9CAA-110376FF6555}
		{6AF0F5CD-D154-4CDE-920C-3390782607C3} = {6D02B769-81A3-498F-AD08-01F1BF79D4AC}
	EndGlobalSection
	GlobalSection(ExtensibilityGlobals) = postSolution
		SolutionGuid = {3BE37C78-D457-4B25-9836-64A3F23621FD}
	EndGlobalSection
EndGlobal
